
Microsoft Visual Studio Solution File, Format Version 12.00
# Visual Studio Version 16
VisualStudioVersion = 16.0.31321.278
MinimumVisualStudioVersion = 10.0.40219.1
Project("{9A19103F-16F7-4668-BE54-9A1E7A4F7556}") = "Collections", "Collections\Collections.csproj", "{8A8A039D-2EF5-4373-B1FE-F69B0357AC01}"
EndProject
Project("{9A19103F-16F7-4668-BE54-9A1E7A4F7556}") = "GenericsInfrastructure", "GenericsInfrastructure\GenericsInfrastructure.csproj", "{5C0B4433-B1B5-401E-8D0D-09534F51E76A}"
EndProject
Project("{9A19103F-16F7-4668-BE54-9A1E7A4F7556}") = "GenericsAndInheritance", "GenericsAndInheritance\GenericsAndInheritance.csproj", "{0C96072C-0492-4AD1-B135-27E8FF0228AD}"
EndProject
Project("{9A19103F-16F7-4668-BE54-9A1E7A4F7556}") = "GenericMethods", "GenericMethods\GenericMethods.csproj", "{010BD2F1-BC34-43B5-89CE-9C5652DB2C45}"
EndProject
Project("{9A19103F-16F7-4668-BE54-9A1E7A4F7556}") = "OtherMembers", "OtherMembers\OtherMembers.csproj", "{7D7E1F77-D160-4AD3-9827-155CDD2F938C}"
EndProject
Project("{9A19103F-16F7-4668-BE54-9A1E7A4F7556}") = "NullableValueTypes", "NullableValueTypes\NullableValueTypes.csproj", "{7EF361A1-FE8F-4EF1-8E5E-CD4F6FF93228}"
EndProject
Project("{9A19103F-16F7-4668-BE54-9A1E7A4F7556}") = "BoxingAndUnboxing", "BoxingAndUnboxing\BoxingAndUnboxing.csproj", "{EA26B399-3401-4DFA-8FBA-EA46B7EB5FC9}"
EndProject
Project("{2150E333-8FDC-42A3-9474-1A3956D46DE8}") = "Lesson_1", "Lesson_1", "{7CC90F5B-E0FB-4F6E-85B8-3B874B9D2BF1}"
EndProject
Project("{2150E333-8FDC-42A3-9474-1A3956D46DE8}") = "Lesson_2", "Lesson_2", "{BFA585C2-8C6B-4BD2-BDDD-B00BFA2E85D7}"
EndProject
Project("{9A19103F-16F7-4668-BE54-9A1E7A4F7556}") = "NativeResourceWrapTypes", "NativeResourceWrapTypes\NativeResourceWrapTypes.csproj", "{A3B0F121-B5FE-468F-AE73-F6B881061389}"
EndProject
Project("{2150E333-8FDC-42A3-9474-1A3956D46DE8}") = "Exceptions", "Exceptions", "{7DBAEE56-951B-4602-83D7-DD3FE2ED6B11}"
EndProject
Project("{FAE04EC0-301F-11D3-BF4B-00C04F79EFBC}") = "UseFinally", "UseFinally\UseFinally.csproj", "{21D6616B-6ED1-42E9-9259-61541E4A6852}"
EndProject
Global
	GlobalSection(SolutionConfigurationPlatforms) = preSolution
		Debug|Any CPU = Debug|Any CPU
		Release|Any CPU = Release|Any CPU
	EndGlobalSection
	GlobalSection(ProjectConfigurationPlatforms) = postSolution
		{8A8A039D-2EF5-4373-B1FE-F69B0357AC01}.Debug|Any CPU.ActiveCfg = Debug|Any CPU
		{8A8A039D-2EF5-4373-B1FE-F69B0357AC01}.Debug|Any CPU.Build.0 = Debug|Any CPU
		{8A8A039D-2EF5-4373-B1FE-F69B0357AC01}.Release|Any CPU.ActiveCfg = Release|Any CPU
		{8A8A039D-2EF5-4373-B1FE-F69B0357AC01}.Release|Any CPU.Build.0 = Release|Any CPU
		{5C0B4433-B1B5-401E-8D0D-09534F51E76A}.Debug|Any CPU.ActiveCfg = Debug|Any CPU
		{5C0B4433-B1B5-401E-8D0D-09534F51E76A}.Debug|Any CPU.Build.0 = Debug|Any CPU
		{5C0B4433-B1B5-401E-8D0D-09534F51E76A}.Release|Any CPU.ActiveCfg = Release|Any CPU
		{5C0B4433-B1B5-401E-8D0D-09534F51E76A}.Release|Any CPU.Build.0 = Release|Any CPU
		{0C96072C-0492-4AD1-B135-27E8FF0228AD}.Debug|Any CPU.ActiveCfg = Debug|Any CPU
		{0C96072C-0492-4AD1-B135-27E8FF0228AD}.Debug|Any CPU.Build.0 = Debug|Any CPU
		{0C96072C-0492-4AD1-B135-27E8FF0228AD}.Release|Any CPU.ActiveCfg = Release|Any CPU
		{0C96072C-0492-4AD1-B135-27E8FF0228AD}.Release|Any CPU.Build.0 = Release|Any CPU
		{010BD2F1-BC34-43B5-89CE-9C5652DB2C45}.Debug|Any CPU.ActiveCfg = Debug|Any CPU
		{010BD2F1-BC34-43B5-89CE-9C5652DB2C45}.Debug|Any CPU.Build.0 = Debug|Any CPU
		{010BD2F1-BC34-43B5-89CE-9C5652DB2C45}.Release|Any CPU.ActiveCfg = Release|Any CPU
		{010BD2F1-BC34-43B5-89CE-9C5652DB2C45}.Release|Any CPU.Build.0 = Release|Any CPU
		{7D7E1F77-D160-4AD3-9827-155CDD2F938C}.Debug|Any CPU.ActiveCfg = Debug|Any CPU
		{7D7E1F77-D160-4AD3-9827-155CDD2F938C}.Debug|Any CPU.Build.0 = Debug|Any CPU
		{7D7E1F77-D160-4AD3-9827-155CDD2F938C}.Release|Any CPU.ActiveCfg = Release|Any CPU
		{7D7E1F77-D160-4AD3-9827-155CDD2F938C}.Release|Any CPU.Build.0 = Release|Any CPU
		{7EF361A1-FE8F-4EF1-8E5E-CD4F6FF93228}.Debug|Any CPU.ActiveCfg = Debug|Any CPU
		{7EF361A1-FE8F-4EF1-8E5E-CD4F6FF93228}.Debug|Any CPU.Build.0 = Debug|Any CPU
		{7EF361A1-FE8F-4EF1-8E5E-CD4F6FF93228}.Release|Any CPU.ActiveCfg = Release|Any CPU
		{7EF361A1-FE8F-4EF1-8E5E-CD4F6FF93228}.Release|Any CPU.Build.0 = Release|Any CPU
		{EA26B399-3401-4DFA-8FBA-EA46B7EB5FC9}.Debug|Any CPU.ActiveCfg = Debug|Any CPU
		{EA26B399-3401-4DFA-8FBA-EA46B7EB5FC9}.Debug|Any CPU.Build.0 = Debug|Any CPU
		{EA26B399-3401-4DFA-8FBA-EA46B7EB5FC9}.Release|Any CPU.ActiveCfg = Release|Any CPU
		{EA26B399-3401-4DFA-8FBA-EA46B7EB5FC9}.Release|Any CPU.Build.0 = Release|Any CPU
		{A3B0F121-B5FE-468F-AE73-F6B881061389}.Debug|Any CPU.ActiveCfg = Debug|Any CPU
		{A3B0F121-B5FE-468F-AE73-F6B881061389}.Debug|Any CPU.Build.0 = Debug|Any CPU
		{A3B0F121-B5FE-468F-AE73-F6B881061389}.Release|Any CPU.ActiveCfg = Release|Any CPU
		{A3B0F121-B5FE-468F-AE73-F6B881061389}.Release|Any CPU.Build.0 = Release|Any CPU
		{21D6616B-6ED1-42E9-9259-61541E4A6852}.Debug|Any CPU.ActiveCfg = Debug|Any CPU
		{21D6616B-6ED1-42E9-9259-61541E4A6852}.Debug|Any CPU.Build.0 = Debug|Any CPU
		{21D6616B-6ED1-42E9-9259-61541E4A6852}.Release|Any CPU.ActiveCfg = Release|Any CPU
		{21D6616B-6ED1-42E9-9259-61541E4A6852}.Release|Any CPU.Build.0 = Release|Any CPU
	EndGlobalSection
	GlobalSection(SolutionProperties) = preSolution
		HideSolutionNode = FALSE
	EndGlobalSection
	GlobalSection(NestedProjects) = preSolution
		{8A8A039D-2EF5-4373-B1FE-F69B0357AC01} = {7CC90F5B-E0FB-4F6E-85B8-3B874B9D2BF1}
		{5C0B4433-B1B5-401E-8D0D-09534F51E76A} = {7CC90F5B-E0FB-4F6E-85B8-3B874B9D2BF1}
		{0C96072C-0492-4AD1-B135-27E8FF0228AD} = {7CC90F5B-E0FB-4F6E-85B8-3B874B9D2BF1}
		{010BD2F1-BC34-43B5-89CE-9C5652DB2C45} = {7CC90F5B-E0FB-4F6E-85B8-3B874B9D2BF1}
		{7D7E1F77-D160-4AD3-9827-155CDD2F938C} = {7CC90F5B-E0FB-4F6E-85B8-3B874B9D2BF1}
		{7EF361A1-FE8F-4EF1-8E5E-CD4F6FF93228} = {7CC90F5B-E0FB-4F6E-85B8-3B874B9D2BF1}
		{EA26B399-3401-4DFA-8FBA-EA46B7EB5FC9} = {7CC90F5B-E0FB-4F6E-85B8-3B874B9D2BF1}
		{A3B0F121-B5FE-468F-AE73-F6B881061389} = {BFA585C2-8C6B-4BD2-BDDD-B00BFA2E85D7}
		{7DBAEE56-951B-4602-83D7-DD3FE2ED6B11} = {BFA585C2-8C6B-4BD2-BDDD-B00BFA2E85D7}
		{21D6616B-6ED1-42E9-9259-61541E4A6852} = {7DBAEE56-951B-4602-83D7-DD3FE2ED6B11}
	EndGlobalSection
	GlobalSection(ExtensibilityGlobals) = postSolution
		SolutionGuid = {E871377D-7434-4BA2-85D5-FD906BDE8659}
	EndGlobalSection
EndGlobal
